
Microsoft Visual Studio Solution File, Format Version 12.00
# Visual Studio Version 17
VisualStudioVersion = 17.6.33801.468
MinimumVisualStudioVersion = 10.0.40219.1
Project("{FAE04EC0-301F-11D3-BF4B-00C04F79EFBC}") = "TTCM", "TTCM\TTCM.csproj", "{573390A2-984C-4A51-9F70-500A06BDAE5A}"
EndProject
Global
	GlobalSection(SolutionConfigurationPlatforms) = preSolution
		Debug|Any CPU = Debug|Any CPU
		Release|Any CPU = Release|Any CPU
	EndGlobalSection
	GlobalSection(ProjectConfigurationPlatforms) = postSolution
		{573390A2-984C-4A51-9F70-500A06BDAE5A}.Debug|Any CPU.ActiveCfg = Debug|Any CPU
		{573390A2-984C-4A51-9F70-500A06BDAE5A}.Debug|Any CPU.Build.0 = Debug|Any CPU
		{573390A2-984C-4A51-9F70-500A06BDAE5A}.Release|Any CPU.ActiveCfg = Release|Any CPU
		{573390A2-984C-4A51-9F70-500A06BDAE5A}.Release|Any CPU.Build.0 = Release|Any CPU
	EndGlobalSection
	GlobalSection(SolutionProperties) = preSolution
		HideSolutionNode = FALSE
	EndGlobalSection
	GlobalSection(ExtensibilityGlobals) = postSolution
		SolutionGuid = {218876B8-2125-4CF4-934C-FB3529D9EFAF}
	EndGlobalSection
EndGlobal
